{
  "name": "simple-nodejs-barcode-reading-server",
  "version": "1.0.0",
  "lockfileVersion": 2,
  "requires": true,
  "packages": {
    "": {
      "name": "simple-nodejs-barcode-reading-server",
      "version": "1.0.0",
      "license": "ISC",
      "dependencies": {
        "barcode4nodejs": "^9.6.23"
      }
    },
    "node_modules/barcode4nodejs": {
      "version": "9.6.23",
      "resolved": "https://registry.npmmirror.com/barcode4nodejs/-/barcode4nodejs-9.6.23.tgz",
      "integrity": "sha512-xS5ko9m64TC/4sRuClA+bUOOfuZBFPzIVVjdXRMaRUaUoeA6XI6uvYAy04tUGOsrrrotOc5+rcyOXu+vPfFZJw==",
      "hasInstallScript": true
    }
  },
  "dependencies": {
    "barcode4nodejs": {
      "version": "9.6.23",
      "resolved": "https://registry.npmmirror.com/barcode4nodejs/-/barcode4nodejs-9.6.23.tgz",
      "integrity": "sha512-xS5ko9m64TC/4sRuClA+bUOOfuZBFPzIVVjdXRMaRUaUoeA6XI6uvYAy04tUGOsrrrotOc5+rcyOXu+vPfFZJw=="
    }
  }
}
